
Microsoft Visual Studio Solution File, Format Version 12.00
# Visual Studio Version 16
VisualStudioVersion = 16.0.809.10
MinimumVisualStudioVersion = 10.0.40219.1
Project("{FAE04EC0-301F-11D3-BF4B-00C04F79EFBC}") = "com.movistar.ratemovies.api", "com.movistar.ratemovies.api\com.movistar.ratemovies.api.csproj", "{FFB4AAB9-C7B1-42F9-BAE3-A39532FA1E15}"
EndProject
Project("{FAE04EC0-301F-11D3-BF4B-00C04F79EFBC}") = "com.movistar.ratemovies.core", "com.movistar.ratemovies.core\com.movistar.ratemovies.core.csproj", "{66A0B426-8F8B-4719-83B6-A50C21D82FE0}"
EndProject
Project("{FAE04EC0-301F-11D3-BF4B-00C04F79EFBC}") = "com.movistar.ratemovies.infrastructure", "com.movistar.ratemovies.infrastructure\com.movistar.ratemovies.infrastructure.csproj", "{851A72B6-B938-419A-8968-ABA6461542F0}"
EndProject
Project("{FAE04EC0-301F-11D3-BF4B-00C04F79EFBC}") = "com.movistar.ratemovies.tests", "com.movistar.ratemovies.tests\com.movistar.ratemovies.tests.csproj", "{EAD51C06-B4AC-4472-B742-ED766D534625}"
EndProject
Project("{FAE04EC0-301F-11D3-BF4B-00C04F79EFBC}") = "com.movistar.ratemovies.movie-data-mgt.ws", "com.movistar.ratemovies.movie-data-mgt.ws\com.movistar.ratemovies.movie-data-mgt.ws.csproj", "{7C081391-F61C-4540-A9BD-D89796E72AA4}"
EndProject
Project("{FAE04EC0-301F-11D3-BF4B-00C04F79EFBC}") = "com.movistar.ratemovies.Service", "com.movistar.ratemovies.Service\com.movistar.ratemovies.Service.csproj", "{F421BDFE-D878-4979-95EF-F27670052654}"
EndProject
Global
	GlobalSection(SolutionConfigurationPlatforms) = preSolution
		Debug|Any CPU = Debug|Any CPU
		Release|Any CPU = Release|Any CPU
	EndGlobalSection
	GlobalSection(ProjectConfigurationPlatforms) = postSolution
		{FFB4AAB9-C7B1-42F9-BAE3-A39532FA1E15}.Debug|Any CPU.ActiveCfg = Debug|Any CPU
		{FFB4AAB9-C7B1-42F9-BAE3-A39532FA1E15}.Debug|Any CPU.Build.0 = Debug|Any CPU
		{FFB4AAB9-C7B1-42F9-BAE3-A39532FA1E15}.Release|Any CPU.ActiveCfg = Release|Any CPU
		{FFB4AAB9-C7B1-42F9-BAE3-A39532FA1E15}.Release|Any CPU.Build.0 = Release|Any CPU
		{66A0B426-8F8B-4719-83B6-A50C21D82FE0}.Debug|Any CPU.ActiveCfg = Debug|Any CPU
		{66A0B426-8F8B-4719-83B6-A50C21D82FE0}.Debug|Any CPU.Build.0 = Debug|Any CPU
		{66A0B426-8F8B-4719-83B6-A50C21D82FE0}.Release|Any CPU.ActiveCfg = Release|Any CPU
		{66A0B426-8F8B-4719-83B6-A50C21D82FE0}.Release|Any CPU.Build.0 = Release|Any CPU
		{851A72B6-B938-419A-8968-ABA6461542F0}.Debug|Any CPU.ActiveCfg = Debug|Any CPU
		{851A72B6-B938-419A-8968-ABA6461542F0}.Debug|Any CPU.Build.0 = Debug|Any CPU
		{851A72B6-B938-419A-8968-ABA6461542F0}.Release|Any CPU.ActiveCfg = Release|Any CPU
		{851A72B6-B938-419A-8968-ABA6461542F0}.Release|Any CPU.Build.0 = Release|Any CPU
		{EAD51C06-B4AC-4472-B742-ED766D534625}.Debug|Any CPU.ActiveCfg = Debug|Any CPU
		{EAD51C06-B4AC-4472-B742-ED766D534625}.Debug|Any CPU.Build.0 = Debug|Any CPU
		{EAD51C06-B4AC-4472-B742-ED766D534625}.Release|Any CPU.ActiveCfg = Release|Any CPU
		{EAD51C06-B4AC-4472-B742-ED766D534625}.Release|Any CPU.Build.0 = Release|Any CPU
		{7C081391-F61C-4540-A9BD-D89796E72AA4}.Debug|Any CPU.ActiveCfg = Debug|Any CPU
		{7C081391-F61C-4540-A9BD-D89796E72AA4}.Debug|Any CPU.Build.0 = Debug|Any CPU
		{7C081391-F61C-4540-A9BD-D89796E72AA4}.Release|Any CPU.ActiveCfg = Release|Any CPU
		{7C081391-F61C-4540-A9BD-D89796E72AA4}.Release|Any CPU.Build.0 = Release|Any CPU
		{F421BDFE-D878-4979-95EF-F27670052654}.Debug|Any CPU.ActiveCfg = Debug|Any CPU
		{F421BDFE-D878-4979-95EF-F27670052654}.Debug|Any CPU.Build.0 = Debug|Any CPU
		{F421BDFE-D878-4979-95EF-F27670052654}.Release|Any CPU.ActiveCfg = Release|Any CPU
		{F421BDFE-D878-4979-95EF-F27670052654}.Release|Any CPU.Build.0 = Release|Any CPU
	EndGlobalSection
	GlobalSection(SolutionProperties) = preSolution
		HideSolutionNode = FALSE
	EndGlobalSection
	GlobalSection(ExtensibilityGlobals) = postSolution
		SolutionGuid = {4867D106-F969-4A81-8003-735287E4AE20}
	EndGlobalSection
EndGlobal
